
Microsoft Visual Studio Solution File, Format Version 12.00
# Visual Studio Version 17
VisualStudioVersion = 17.6.33801.468
MinimumVisualStudioVersion = 10.0.40219.1
Project("{2150E333-8FDC-42A3-9474-1A3956D46DE8}") = "src", "src", "{9E89D108-0954-4FD2-A1F2-70ABC669B197}"
EndProject
Project("{9A19103F-16F7-4668-BE54-9A1E7A4F7556}") = "SharedLib", "src\SharedLib\SharedLib.csproj", "{46AF1D92-0ABE-4D67-B2C7-4BE3B555972D}"
EndProject
Project("{2150E333-8FDC-42A3-9474-1A3956D46DE8}") = "OrderService", "OrderService", "{D85C8971-0508-42F6-9919-B8266632BA4D}"
EndProject
Project("{2150E333-8FDC-42A3-9474-1A3956D46DE8}") = "PaymentService", "PaymentService", "{43C833A9-F7D2-4E3D-87EE-F02031B36092}"
EndProject
Project("{2150E333-8FDC-42A3-9474-1A3956D46DE8}") = "StockService", "StockService", "{86E0185A-3EEC-4B6D-B9AA-FAA6F1DA3602}"
EndProject
Project("{9A19103F-16F7-4668-BE54-9A1E7A4F7556}") = "Domain", "src\OrderService\Domain\Domain.csproj", "{43A7C5CC-BC6D-447D-9E85-B4281A46A507}"
EndProject
Project("{9A19103F-16F7-4668-BE54-9A1E7A4F7556}") = "Application", "src\OrderService\Application\Application.csproj", "{03A26006-ABE1-468B-ABAF-6554656B4F79}"
EndProject
Project("{9A19103F-16F7-4668-BE54-9A1E7A4F7556}") = "Persistence", "src\OrderService\Persistence\Persistence.csproj", "{4A9826A3-421B-4102-937E-5379B9315B26}"
EndProject
Project("{9A19103F-16F7-4668-BE54-9A1E7A4F7556}") = "Stock.API", "src\StockService\Web.API\Stock.API.csproj", "{7A135CCF-A9CC-4E17-B509-DFA13B283A09}"
EndProject
Project("{9A19103F-16F7-4668-BE54-9A1E7A4F7556}") = "Payment.API", "src\PaymentService\Web.API\Payment.API.csproj", "{DE7501B5-EA22-4DD5-898B-CEB50E3A4C2F}"
EndProject
Project("{9A19103F-16F7-4668-BE54-9A1E7A4F7556}") = "Order.API", "src\OrderService\Web.API\Order.API.csproj", "{3D2ABA19-F4BA-4D00-BB06-92AF74F8D926}"
EndProject
Project("{9A19103F-16F7-4668-BE54-9A1E7A4F7556}") = "Domain", "src\StockService\Entity\Domain.csproj", "{6E42DDCF-8A7D-4B9C-ACB6-3926B88156EE}"
EndProject
Project("{9A19103F-16F7-4668-BE54-9A1E7A4F7556}") = "Application", "src\StockService\Application\Application.csproj", "{A42EBFC5-F542-4061-BAC8-7D551357AD0B}"
EndProject
Project("{9A19103F-16F7-4668-BE54-9A1E7A4F7556}") = "Persistence", "src\StockService\Persistence\Persistence.csproj", "{0A97C1B6-175C-45AE-A6B8-D289717DB615}"
EndProject
Project("{9A19103F-16F7-4668-BE54-9A1E7A4F7556}") = "Application", "src\PaymentService\Application\Application.csproj", "{A6D6A3B8-CA87-4503-AC5C-F89C0A0508B2}"
EndProject
Project("{2150E333-8FDC-42A3-9474-1A3956D46DE8}") = "Saga", "Saga", "{E29D862A-0926-4EFC-9582-CD362A07F037}"
EndProject
Project("{9A19103F-16F7-4668-BE54-9A1E7A4F7556}") = "SagaStateMachineWorkerService", "src\Saga\SagaStateMachineWorkerService\SagaStateMachineWorkerService.csproj", "{1AB0C2F2-110B-4FB4-BAB8-16A2D23521C3}"
EndProject
Project("{E53339B2-1760-4266-BCC7-CA923CBCF16C}") = "docker-compose", "docker-compose.dcproj", "{1D0BCC2F-0655-4C7A-A1E4-25787EB7401E}"
EndProject
Global
	GlobalSection(SolutionConfigurationPlatforms) = preSolution
		Debug|Any CPU = Debug|Any CPU
		Release|Any CPU = Release|Any CPU
	EndGlobalSection
	GlobalSection(ProjectConfigurationPlatforms) = postSolution
		{46AF1D92-0ABE-4D67-B2C7-4BE3B555972D}.Debug|Any CPU.ActiveCfg = Debug|Any CPU
		{46AF1D92-0ABE-4D67-B2C7-4BE3B555972D}.Debug|Any CPU.Build.0 = Debug|Any CPU
		{46AF1D92-0ABE-4D67-B2C7-4BE3B555972D}.Release|Any CPU.ActiveCfg = Release|Any CPU
		{46AF1D92-0ABE-4D67-B2C7-4BE3B555972D}.Release|Any CPU.Build.0 = Release|Any CPU
		{43A7C5CC-BC6D-447D-9E85-B4281A46A507}.Debug|Any CPU.ActiveCfg = Debug|Any CPU
		{43A7C5CC-BC6D-447D-9E85-B4281A46A507}.Debug|Any CPU.Build.0 = Debug|Any CPU
		{43A7C5CC-BC6D-447D-9E85-B4281A46A507}.Release|Any CPU.ActiveCfg = Release|Any CPU
		{43A7C5CC-BC6D-447D-9E85-B4281A46A507}.Release|Any CPU.Build.0 = Release|Any CPU
		{03A26006-ABE1-468B-ABAF-6554656B4F79}.Debug|Any CPU.ActiveCfg = Debug|Any CPU
		{03A26006-ABE1-468B-ABAF-6554656B4F79}.Debug|Any CPU.Build.0 = Debug|Any CPU
		{03A26006-ABE1-468B-ABAF-6554656B4F79}.Release|Any CPU.ActiveCfg = Release|Any CPU
		{03A26006-ABE1-468B-ABAF-6554656B4F79}.Release|Any CPU.Build.0 = Release|Any CPU
		{4A9826A3-421B-4102-937E-5379B9315B26}.Debug|Any CPU.ActiveCfg = Debug|Any CPU
		{4A9826A3-421B-4102-937E-5379B9315B26}.Debug|Any CPU.Build.0 = Debug|Any CPU
		{4A9826A3-421B-4102-937E-5379B9315B26}.Release|Any CPU.ActiveCfg = Release|Any CPU
		{4A9826A3-421B-4102-937E-5379B9315B26}.Release|Any CPU.Build.0 = Release|Any CPU
		{7A135CCF-A9CC-4E17-B509-DFA13B283A09}.Debug|Any CPU.ActiveCfg = Debug|Any CPU
		{7A135CCF-A9CC-4E17-B509-DFA13B283A09}.Debug|Any CPU.Build.0 = Debug|Any CPU
		{7A135CCF-A9CC-4E17-B509-DFA13B283A09}.Release|Any CPU.ActiveCfg = Release|Any CPU
		{7A135CCF-A9CC-4E17-B509-DFA13B283A09}.Release|Any CPU.Build.0 = Release|Any CPU
		{DE7501B5-EA22-4DD5-898B-CEB50E3A4C2F}.Debug|Any CPU.ActiveCfg = Debug|Any CPU
		{DE7501B5-EA22-4DD5-898B-CEB50E3A4C2F}.Debug|Any CPU.Build.0 = Debug|Any CPU
		{DE7501B5-EA22-4DD5-898B-CEB50E3A4C2F}.Release|Any CPU.ActiveCfg = Release|Any CPU
		{DE7501B5-EA22-4DD5-898B-CEB50E3A4C2F}.Release|Any CPU.Build.0 = Release|Any CPU
		{3D2ABA19-F4BA-4D00-BB06-92AF74F8D926}.Debug|Any CPU.ActiveCfg = Debug|Any CPU
		{3D2ABA19-F4BA-4D00-BB06-92AF74F8D926}.Debug|Any CPU.Build.0 = Debug|Any CPU
		{3D2ABA19-F4BA-4D00-BB06-92AF74F8D926}.Release|Any CPU.ActiveCfg = Release|Any CPU
		{3D2ABA19-F4BA-4D00-BB06-92AF74F8D926}.Release|Any CPU.Build.0 = Release|Any CPU
		{6E42DDCF-8A7D-4B9C-ACB6-3926B88156EE}.Debug|Any CPU.ActiveCfg = Debug|Any CPU
		{6E42DDCF-8A7D-4B9C-ACB6-3926B88156EE}.Debug|Any CPU.Build.0 = Debug|Any CPU
		{6E42DDCF-8A7D-4B9C-ACB6-3926B88156EE}.Release|Any CPU.ActiveCfg = Release|Any CPU
		{6E42DDCF-8A7D-4B9C-ACB6-3926B88156EE}.Release|Any CPU.Build.0 = Release|Any CPU
		{A42EBFC5-F542-4061-BAC8-7D551357AD0B}.Debug|Any CPU.ActiveCfg = Debug|Any CPU
		{A42EBFC5-F542-4061-BAC8-7D551357AD0B}.Debug|Any CPU.Build.0 = Debug|Any CPU
		{A42EBFC5-F542-4061-BAC8-7D551357AD0B}.Release|Any CPU.ActiveCfg = Release|Any CPU
		{A42EBFC5-F542-4061-BAC8-7D551357AD0B}.Release|Any CPU.Build.0 = Release|Any CPU
		{0A97C1B6-175C-45AE-A6B8-D289717DB615}.Debug|Any CPU.ActiveCfg = Debug|Any CPU
		{0A97C1B6-175C-45AE-A6B8-D289717DB615}.Debug|Any CPU.Build.0 = Debug|Any CPU
		{0A97C1B6-175C-45AE-A6B8-D289717DB615}.Release|Any CPU.ActiveCfg = Release|Any CPU
		{0A97C1B6-175C-45AE-A6B8-D289717DB615}.Release|Any CPU.Build.0 = Release|Any CPU
		{A6D6A3B8-CA87-4503-AC5C-F89C0A0508B2}.Debug|Any CPU.ActiveCfg = Debug|Any CPU
		{A6D6A3B8-CA87-4503-AC5C-F89C0A0508B2}.Debug|Any CPU.Build.0 = Debug|Any CPU
		{A6D6A3B8-CA87-4503-AC5C-F89C0A0508B2}.Release|Any CPU.ActiveCfg = Release|Any CPU
		{A6D6A3B8-CA87-4503-AC5C-F89C0A0508B2}.Release|Any CPU.Build.0 = Release|Any CPU
		{1AB0C2F2-110B-4FB4-BAB8-16A2D23521C3}.Debug|Any CPU.ActiveCfg = Debug|Any CPU
		{1AB0C2F2-110B-4FB4-BAB8-16A2D23521C3}.Debug|Any CPU.Build.0 = Debug|Any CPU
		{1AB0C2F2-110B-4FB4-BAB8-16A2D23521C3}.Release|Any CPU.ActiveCfg = Release|Any CPU
		{1AB0C2F2-110B-4FB4-BAB8-16A2D23521C3}.Release|Any CPU.Build.0 = Release|Any CPU
		{1D0BCC2F-0655-4C7A-A1E4-25787EB7401E}.Debug|Any CPU.ActiveCfg = Debug|Any CPU
		{1D0BCC2F-0655-4C7A-A1E4-25787EB7401E}.Debug|Any CPU.Build.0 = Debug|Any CPU
		{1D0BCC2F-0655-4C7A-A1E4-25787EB7401E}.Release|Any CPU.ActiveCfg = Release|Any CPU
		{1D0BCC2F-0655-4C7A-A1E4-25787EB7401E}.Release|Any CPU.Build.0 = Release|Any CPU
	EndGlobalSection
	GlobalSection(SolutionProperties) = preSolution
		HideSolutionNode = FALSE
	EndGlobalSection
	GlobalSection(NestedProjects) = preSolution
		{46AF1D92-0ABE-4D67-B2C7-4BE3B555972D} = {9E89D108-0954-4FD2-A1F2-70ABC669B197}
		{D85C8971-0508-42F6-9919-B8266632BA4D} = {9E89D108-0954-4FD2-A1F2-70ABC669B197}
		{43C833A9-F7D2-4E3D-87EE-F02031B36092} = {9E89D108-0954-4FD2-A1F2-70ABC669B197}
		{86E0185A-3EEC-4B6D-B9AA-FAA6F1DA3602} = {9E89D108-0954-4FD2-A1F2-70ABC669B197}
		{43A7C5CC-BC6D-447D-9E85-B4281A46A507} = {D85C8971-0508-42F6-9919-B8266632BA4D}
		{03A26006-ABE1-468B-ABAF-6554656B4F79} = {D85C8971-0508-42F6-9919-B8266632BA4D}
		{4A9826A3-421B-4102-937E-5379B9315B26} = {D85C8971-0508-42F6-9919-B8266632BA4D}
		{7A135CCF-A9CC-4E17-B509-DFA13B283A09} = {86E0185A-3EEC-4B6D-B9AA-FAA6F1DA3602}
		{DE7501B5-EA22-4DD5-898B-CEB50E3A4C2F} = {43C833A9-F7D2-4E3D-87EE-F02031B36092}
		{3D2ABA19-F4BA-4D00-BB06-92AF74F8D926} = {D85C8971-0508-42F6-9919-B8266632BA4D}
		{6E42DDCF-8A7D-4B9C-ACB6-3926B88156EE} = {86E0185A-3EEC-4B6D-B9AA-FAA6F1DA3602}
		{A42EBFC5-F542-4061-BAC8-7D551357AD0B} = {86E0185A-3EEC-4B6D-B9AA-FAA6F1DA3602}
		{0A97C1B6-175C-45AE-A6B8-D289717DB615} = {86E0185A-3EEC-4B6D-B9AA-FAA6F1DA3602}
		{A6D6A3B8-CA87-4503-AC5C-F89C0A0508B2} = {43C833A9-F7D2-4E3D-87EE-F02031B36092}
		{E29D862A-0926-4EFC-9582-CD362A07F037} = {9E89D108-0954-4FD2-A1F2-70ABC669B197}
		{1AB0C2F2-110B-4FB4-BAB8-16A2D23521C3} = {E29D862A-0926-4EFC-9582-CD362A07F037}
	EndGlobalSection
	GlobalSection(ExtensibilityGlobals) = postSolution
		SolutionGuid = {BCDC8CA3-E89F-469C-95D3-30DE3CF6A614}
	EndGlobalSection
EndGlobal
